
Microsoft Visual Studio Solution File, Format Version 12.00
# Visual Studio Version 17
VisualStudioVersion = 17.3.32929.385
MinimumVisualStudioVersion = 10.0.40219.1
Project("{9A19103F-16F7-4668-BE54-9A1E7A4F7556}") = "PlenBotLogUploader", "PlenBotLogUploader.csproj", "{C3964EB9-6AD1-44E9-AE7A-3230E9D70604}"
EndProject
Project("{9A19103F-16F7-4668-BE54-9A1E7A4F7556}") = "HsBuildCodes", "dep\HsBuildCodes\include\c#\10\HsBuildCodes.csproj", "{B09C6839-2C2A-4C1D-BECB-53065FDE41C5}"
EndProject
Global
	GlobalSection(SolutionConfigurationPlatforms) = preSolution
		Debug|Any CPU = Debug|Any CPU
		Debug|x64 = Debug|x64
		Release|Any CPU = Release|Any CPU
		Release|x64 = Release|x64
	EndGlobalSection
	GlobalSection(ProjectConfigurationPlatforms) = postSolution
		{C3964EB9-6AD1-44E9-AE7A-3230E9D70604}.Debug|Any CPU.ActiveCfg = Debug|Any CPU
		{C3964EB9-6AD1-44E9-AE7A-3230E9D70604}.Debug|Any CPU.Build.0 = Debug|Any CPU
		{C3964EB9-6AD1-44E9-AE7A-3230E9D70604}.Debug|x64.ActiveCfg = Debug|Any CPU
		{C3964EB9-6AD1-44E9-AE7A-3230E9D70604}.Debug|x64.Build.0 = Debug|Any CPU
		{C3964EB9-6AD1-44E9-AE7A-3230E9D70604}.Release|Any CPU.ActiveCfg = Release|Any CPU
		{C3964EB9-6AD1-44E9-AE7A-3230E9D70604}.Release|Any CPU.Build.0 = Release|Any CPU
		{C3964EB9-6AD1-44E9-AE7A-3230E9D70604}.Release|x64.ActiveCfg = Release|Any CPU
		{C3964EB9-6AD1-44E9-AE7A-3230E9D70604}.Release|x64.Build.0 = Release|Any CPU
		{B09C6839-2C2A-4C1D-BECB-53065FDE41C5}.Debug|Any CPU.ActiveCfg = Debug|Any CPU
		{B09C6839-2C2A-4C1D-BECB-53065FDE41C5}.Debug|Any CPU.Build.0 = Debug|Any CPU
		{B09C6839-2C2A-4C1D-BECB-53065FDE41C5}.Debug|x64.ActiveCfg = Debug|Any CPU
		{B09C6839-2C2A-4C1D-BECB-53065FDE41C5}.Debug|x64.Build.0 = Debug|Any CPU
		{B09C6839-2C2A-4C1D-BECB-53065FDE41C5}.Release|Any CPU.ActiveCfg = Release|Any CPU
		{B09C6839-2C2A-4C1D-BECB-53065FDE41C5}.Release|Any CPU.Build.0 = Release|Any CPU
		{B09C6839-2C2A-4C1D-BECB-53065FDE41C5}.Release|x64.ActiveCfg = Release|Any CPU
		{B09C6839-2C2A-4C1D-BECB-53065FDE41C5}.Release|x64.Build.0 = Release|Any CPU
	EndGlobalSection
	GlobalSection(SolutionProperties) = preSolution
		HideSolutionNode = FALSE
	EndGlobalSection
	GlobalSection(ExtensibilityGlobals) = postSolution
		SolutionGuid = {D38C5D19-2767-4AD7-BDD1-247CCB720496}
	EndGlobalSection
EndGlobal
